# This file was autogenerated by Stack.
# You should not edit this file by hand.
# For more information, please see the documentation at:
#   https://docs.haskellstack.org/en/stable/lock_files

packages:
- completed:
    hackage: compact-0.2.0.0@sha256:9c5785bdc178ea6cf8f514ad35a78c64220e3cdb22216534e4cf496765551c7e,2345
    pantry-tree:
      size: 546
      sha256: 6f7da573fbcddc109e1521edc07f1b34d7506473a3930074453e829daf901d71
  original:
    hackage: compact-0.2.0.0
- completed:
    hackage: polysemy-zoo-0.7.0.1@sha256:60c2921df95f61d43222a75adde4f330e9510320b416132838a354cd81b4bcc5,3846
    pantry-tree:
      size: 2979
      sha256: af39e295a7831e6bca01fa78df6c538cb6f1dfb339d118056fd0d9c314925726
  original:
    hackage: polysemy-zoo-0.7.0.1
- completed:
    hackage: unliftio-path-0.0.2.0@sha256:cf4b02640b99831004853e8fc9f9ff922514d08a24ea36e09e8e7a77b250bc80,787
    pantry-tree:
      size: 281
      sha256: 96fc899a5d4935c5eb8075e5f65a2c5eb046282ad9aac0fadcb3cbad9bdca164
  original:
    hackage: unliftio-path-0.0.2.0
snapshots:
- completed:
    size: 543560
    url: https://raw.githubusercontent.com/commercialhaskell/stackage-snapshots/master/nightly/2020/10/29.yaml
    sha256: c8101bf4e679881fd9a6c8dcbdfc9586e119bdb2aad401f5c7e9bc0f8dac5622
  original: nightly-2020-10-29
